// !$*UTF8*$!
{
	archiveVersion = 1;
	classes = {
	};
	objectVersion = 46;
	objects = {

/* Begin PBXBuildFile section */
		DDF9D2381ACEC6DB00B7D7A2 /* AppDelegate.swift in Sources */ = {isa = PBXBuildFile; fileRef = DDF9D2371ACEC6DB00B7D7A2 /* AppDelegate.swift */; };
		DDF9D23A1ACEC6DB00B7D7A2 /* ViewController.swift in Sources */ = {isa = PBXBuildFile; fileRef = DDF9D2391ACEC6DB00B7D7A2 /* ViewController.swift */; };
		DDF9D23D1ACEC6DB00B7D7A2 /* Main.storyboard in Resources */ = {isa = PBXBuildFile; fileRef = DDF9D23B1ACEC6DB00B7D7A2 /* Main.storyboard */; };
		DDF9D23F1ACEC6DB00B7D7A2 /* Images.xcassets in Resources */ = {isa = PBXBuildFile; fileRef = DDF9D23E1ACEC6DB00B7D7A2 /* Images.xcassets */; };
		DDF9D2421ACEC6DB00B7D7A2 /* LaunchScreen.xib in Resources */ = {isa = PBXBuildFile; fileRef = DDF9D2401ACEC6DB00B7D7A2 /* LaunchScreen.xib */; };
		DDF9D24E1ACEC6DB00B7D7A2 /* GetLocationTests.swift in Sources */ = {isa = PBXBuildFile; fileRef = DDF9D24D1ACEC6DB00B7D7A2 /* GetLocationTests.swift */; };
		DDF9D2581ACEC77800B7D7A2 /* CoreLocation.framework in Frameworks */ = {isa = PBXBuildFile; fileRef = DDF9D2571ACEC77800B7D7A2 /* CoreLocation.framework */; };
/* End PBXBuildFile section */

/* Begin PBXContainerItemProxy section */
		DDF9D2481ACEC6DB00B7D7A2 /* PBXContainerItemProxy */ = {
			isa = PBXContainerItemProxy;
			containerPortal = DDF9D22A1ACEC6DA00B7D7A2 /* Project object */;
			proxyType = 1;
			remoteGlobalIDString = DDF9D2311ACEC6DB00B7D7A2;
			remoteInfo = GetLocation;
		};
/* End PBXContainerItemProxy section */

/* Begin PBXFileReference section */
		DDF9D2321ACEC6DB00B7D7A2 /* GetLocation.app */ = {isa = PBXFileReference; explicitFileType = wrapper.application; includeInIndex = 0; path = GetLocation.app; sourceTree = BUILT_PRODUCTS_DIR; };
		DDF9D2361ACEC6DB00B7D7A2 /* Info.plist */ = {isa = PBXFileReference; lastKnownFileType = text.plist.xml; path = Info.plist; sourceTree = "<group>"; };
		DDF9D2371ACEC6DB00B7D7A2 /* AppDelegate.swift */ = {isa = PBXFileReference; lastKnownFileType = sourcecode.swift; path = AppDelegate.swift; sourceTree = "<group>"; };
		DDF9D2391ACEC6DB00B7D7A2 /* ViewController.swift */ = {isa = PBXFileReference; lastKnownFileType = sourcecode.swift; path = ViewController.swift; sourceTree = "<group>"; };
		DDF9D23C1ACEC6DB00B7D7A2 /* Base */ = {isa = PBXFileReference; lastKnownFileType = file.storyboard; name = Base; path = Base.lproj/Main.storyboard; sourceTree = "<group>"; };
		DDF9D23E1ACEC6DB00B7D7A2 /* Images.xcassets */ = {isa = PBXFileReference; lastKnownFileType = folder.assetcatalog; path = Images.xcassets; sourceTree = "<group>"; };
		DDF9D2411ACEC6DB00B7D7A2 /* Base */ = {isa = PBXFileReference; lastKnownFileType = file.xib; name = Base; path = Base.lproj/LaunchScreen.xib; sourceTree = "<group>"; };
		DDF9D2471ACEC6DB00B7D7A2 /* GetLocationTests.xctest */ = {isa = PBXFileReference; explicitFileType = wrapper.cfbundle; includeInIndex = 0; path = GetLocationTests.xctest; sourceTree = BUILT_PRODUCTS_DIR; };
		DDF9D24C1ACEC6DB00B7D7A2 /* Info.plist */ = {isa = PBXFileReference; lastKnownFileType = text.plist.xml; path = Info.plist; sourceTree = "<group>"; };
		DDF9D24D1ACEC6DB00B7D7A2 /* GetLocationTests.swift */ = {isa = PBXFileReference; lastKnownFileType = sourcecode.swift; path = GetLocationTests.swift; sourceTree = "<group>"; };
		DDF9D2571ACEC77800B7D7A2 /* CoreLocation.framework */ = {isa = PBXFileReference; lastKnownFileType = wrapper.framework; name = CoreLocation.framework; path = System/Library/Frameworks/CoreLocation.framework; sourceTree = SDKROOT; };
/* End PBXFileReference section */

/* Begin PBXFrameworksBuildPhase section */
		DDF9D22F1ACEC6DB00B7D7A2 /* Frameworks */ = {
			isa = PBXFrameworksBuildPhase;
			buildActionMask = 2147483647;
			files = (
				DDF9D2581ACEC77800B7D7A2 /* CoreLocation.framework in Frameworks */,
			);
			runOnlyForDeploymentPostprocessing = 0;
		};
		DDF9D2441ACEC6DB00B7D7A2 /* Frameworks */ = {
			isa = PBXFrameworksBuildPhase;
			buildActionMask = 2147483647;
			files = (
			);
			runOnlyForDeploymentPostprocessing = 0;
		};
/* End PBXFrameworksBuildPhase section */

/* Begin PBXGroup section */
		DDF9D2291ACEC6DA00B7D7A2 = {
			isa = PBXGroup;
			children = (
				DDF9D2571ACEC77800B7D7A2 /* CoreLocation.framework */,
				DDF9D2341ACEC6DB00B7D7A2 /* GetLocation */,
				DDF9D24A1ACEC6DB00B7D7A2 /* GetLocationTests */,
				DDF9D2331ACEC6DB00B7D7A2 /* Products */,
			);
			sourceTree = "<group>";
		};
		DDF9D2331ACEC6DB00B7D7A2 /* Products */ = {
			isa = PBXGroup;
			children = (
				DDF9D2321ACEC6DB00B7D7A2 /* GetLocation.app */,
				DDF9D2471ACEC6DB00B7D7A2 /* GetLocationTests.xctest */,
			);
			name = Products;
			sourceTree = "<group>";
		};
		DDF9D2341ACEC6DB00B7D7A2 /* GetLocation */ = {
			isa = PBXGroup;
			children = (
				DDF9D2371ACEC6DB00B7D7A2 /* AppDelegate.swift */,
				DDF9D2391ACEC6DB00B7D7A2 /* ViewController.swift */,
				DDF9D23B1ACEC6DB00B7D7A2 /* Main.storyboard */,
				DDF9D23E1ACEC6DB00B7D7A2 /* Images.xcassets */,
				DDF9D2401ACEC6DB00B7D7A2 /* LaunchScreen.xib */,
				DDF9D2351ACEC6DB00B7D7A2 /* Supporting Files */,
			);
			path = GetLocation;
			sourceTree = "<group>";
		};
		DDF9D2351ACEC6DB00B7D7A2 /* Supporting Files */ = {
			isa = PBXGroup;
			children = (
				DDF9D2361ACEC6DB00B7D7A2 /* Info.plist */,
			);
			name = "Supporting Files";
			sourceTree = "<group>";
		};
		DDF9D24A1ACEC6DB00B7D7A2 /* GetLocationTests */ = {
			isa = PBXGroup;
			children = (
				DDF9D24D1ACEC6DB00B7D7A2 /* GetLocationTests.swift */,
				DDF9D24B1ACEC6DB00B7D7A2 /* Supporting Files */,
			);
			path = GetLocationTests;
			sourceTree = "<group>";
		};
		DDF9D24B1ACEC6DB00B7D7A2 /* Supporting Files */ = {
			isa = PBXGroup;
			children = (
				DDF9D24C1ACEC6DB00B7D7A2 /* Info.plist */,
			);
			name = "Supporting Files";
			sourceTree = "<group>";
		};
/* End PBXGroup section */

/* Begin PBXNativeTarget section */
		DDF9D2311ACEC6DB00B7D7A2 /* GetLocation */ = {
			isa = PBXNativeTarget;
			buildConfigurationList = DDF9D2511ACEC6DB00B7D7A2 /* Build configuration list for PBXNativeTarget "GetLocation" */;
			buildPhases = (
				DDF9D22E1ACEC6DB00B7D7A2 /* Sources */,
				DDF9D22F1ACEC6DB00B7D7A2 /* Frameworks */,
				DDF9D2301ACEC6DB00B7D7A2 /* Resources */,
			);
			buildRules = (
			);
			dependencies = (
			);
			name = GetLocation;
			productName = GetLocation;
			productReference = DDF9D2321ACEC6DB00B7D7A2 /* GetLocation.app */;
			productType = "com.apple.product-type.application";
		};
		DDF9D2461ACEC6DB00B7D7A2 /* GetLocationTests */ = {
			isa = PBXNativeTarget;
			buildConfigurationList = DDF9D2541ACEC6DB00B7D7A2 /* Build configuration list for PBXNativeTarget "GetLocationTests" */;
			buildPhases = (
				DDF9D2431ACEC6DB00B7D7A2 /* Sources */,
				DDF9D2441ACEC6DB00B7D7A2 /* Frameworks */,
				DDF9D2451ACEC6DB00B7D7A2 /* Resources */,
			);
			buildRules = (
			);
			dependencies = (
				DDF9D2491ACEC6DB00B7D7A2 /* PBXTargetDependency */,
			);
			name = GetLocationTests;
			productName = GetLocationTests;
			productReference = DDF9D2471ACEC6DB00B7D7A2 /* GetLocationTests.xctest */;
			productType = "com.apple.product-type.bundle.unit-test";
		};
/* End PBXNativeTarget section */

/* Begin PBXProject section */
		DDF9D22A1ACEC6DA00B7D7A2 /* Project object */ = {
			isa = PBXProject;
			attributes = {
				LastUpgradeCheck = 0620;
				ORGANIZATIONNAME = "Vardan Tandon";
				TargetAttributes = {
					DDF9D2311ACEC6DB00B7D7A2 = {
						CreatedOnToolsVersion = 6.2;
					};
					DDF9D2461ACEC6DB00B7D7A2 = {
						CreatedOnToolsVersion = 6.2;
						TestTargetID = DDF9D2311ACEC6DB00B7D7A2;
					};
				};
			};
			buildConfigurationList = DDF9D22D1ACEC6DA00B7D7A2 /* Build configuration list for PBXProject "GetLocation" */;
			compatibilityVersion = "Xcode 3.2";
			developmentRegion = English;
			hasScannedForEncodings = 0;
			knownRegions = (
				en,
				Base,
			);
			mainGroup = DDF9D2291ACEC6DA00B7D7A2;
			productRefGroup = DDF9D2331ACEC6DB00B7D7A2 /* Products */;
			projectDirPath = "";
			projectRoot = "";
			targets = (
				DDF9D2311ACEC6DB00B7D7A2 /* GetLocation */,
				DDF9D2461ACEC6DB00B7D7A2 /* GetLocationTests */,
			);
		};
/* End PBXProject section */

/* Begin PBXResourcesBuildPhase section */
		DDF9D2301ACEC6DB00B7D7A2 /* Resources */ = {
			isa = PBXResourcesBuildPhase;
			buildActionMask = 2147483647;
			files = (
				DDF9D23D1ACEC6DB00B7D7A2 /* Main.storyboard in Resources */,
				DDF9D2421ACEC6DB00B7D7A2 /* LaunchScreen.xib in Resources */,
				DDF9D23F1ACEC6DB00B7D7A2 /* Images.xcassets in Resources */,
			);
			runOnlyForDeploymentPostprocessing = 0;
		};
		DDF9D2451ACEC6DB00B7D7A2 /* Resources */ = {
			isa = PBXResourcesBuildPhase;
			buildActionMask = 2147483647;
			files = (
			);
			runOnlyForDeploymentPostprocessing = 0;
		};
/* End PBXResourcesBuildPhase section */

/* Begin PBXSourcesBuildPhase section */
		DDF9D22E1ACEC6DB00B7D7A2 /* Sources */ = {
			isa = PBXSourcesBuildPhase;
			buildActionMask = 2147483647;
			files = (
				DDF9D23A1ACEC6DB00B7D7A2 /* ViewController.swift in Sources */,
				DDF9D2381ACEC6DB00B7D7A2 /* AppDelegate.swift in Sources */,
			);
			runOnlyForDeploymentPostprocessing = 0;
		};
		DDF9D2431ACEC6DB00B7D7A2 /* Sources */ = {
			isa = PBXSourcesBuildPhase;
			buildActionMask = 2147483647;
			files = (
				DDF9D24E1ACEC6DB00B7D7A2 /* GetLocationTests.swift in Sources */,
			);
			runOnlyForDeploymentPostprocessing = 0;
		};
/* End PBXSourcesBuildPhase section */

/* Begin PBXTargetDependency section */
		DDF9D2491ACEC6DB00B7D7A2 /* PBXTargetDependency */ = {
			isa = PBXTargetDependency;
			target = DDF9D2311ACEC6DB00B7D7A2 /* GetLocation */;
			targetProxy = DDF9D2481ACEC6DB00B7D7A2 /* PBXContainerItemProxy */;
		};
/* End PBXTargetDependency section */

/* Begin PBXVariantGroup section */
		DDF9D23B1ACEC6DB00B7D7A2 /* Main.storyboard */ = {
			isa = PBXVariantGroup;
			children = (
				DDF9D23C1ACEC6DB00B7D7A2 /* Base */,
			);
			name = Main.storyboard;
			sourceTree = "<group>";
		};
		DDF9D2401ACEC6DB00B7D7A2 /* LaunchScreen.xib */ = {
			isa = PBXVariantGroup;
			children = (
				DDF9D2411ACEC6DB00B7D7A2 /* Base */,
			);
			name = LaunchScreen.xib;
			sourceTree = "<group>";
		};
/* End PBXVariantGroup section */

/* Begin XCBuildConfiguration section */
		DDF9D24F1ACEC6DB00B7D7A2 /* Debug */ = {
			isa = XCBuildConfiguration;
			buildSettings = {
				ALWAYS_SEARCH_USER_PATHS = NO;
				CLANG_CXX_LANGUAGE_STANDARD = "gnu++0x";
				CLANG_CXX_LIBRARY = "libc++";
				CLANG_ENABLE_MODULES = YES;
				CLANG_ENABLE_OBJC_ARC = YES;
				CLANG_WARN_BOOL_CONVERSION = YES;
				CLANG_WARN_CONSTANT_CONVERSION = YES;
				CLANG_WARN_DIRECT_OBJC_ISA_USAGE = YES_ERROR;
				CLANG_WARN_EMPTY_BODY = YES;
				CLANG_WARN_ENUM_CONVERSION = YES;
				CLANG_WARN_INT_CONVERSION = YES;
				CLANG_WARN_OBJC_ROOT_CLASS = YES_ERROR;
				CLANG_WARN_UNREACHABLE_CODE = YES;
				CLANG_WARN__DUPLICATE_METHOD_MATCH = YES;
				"CODE_SIGN_IDENTITY[sdk=iphoneos*]" = "iPhone Developer";
				COPY_PHASE_STRIP = NO;
				ENABLE_STRICT_OBJC_MSGSEND = YES;
				GCC_C_LANGUAGE_STANDARD = gnu99;
				GCC_DYNAMIC_NO_PIC = NO;
				GCC_OPTIMIZATION_LEVEL = 0;
				GCC_PREPROCESSOR_DEFINITIONS = (
					"DEBUG=1",
					"$(inherited)",
				);
				GCC_SYMBOLS_PRIVATE_EXTERN = NO;
				GCC_WARN_64_TO_32_BIT_CONVERSION = YES;
				GCC_WARN_ABOUT_RETURN_TYPE = YES_ERROR;
				GCC_WARN_UNDECLARED_SELECTOR = YES;
				GCC_WARN_UNINITIALIZED_AUTOS = YES_AGGRESSIVE;
				GCC_WARN_UNUSED_FUNCTION = YES;
				GCC_WARN_UNUSED_VARIABLE = YES;
				IPHONEOS_DEPLOYMENT_TARGET = 8.2;
				MTL_ENABLE_DEBUG_INFO = YES;
				ONLY_ACTIVE_ARCH = YES;
				SDKROOT = iphoneos;
				SWIFT_OPTIMIZATION_LEVEL = "-Onone";
			};
			name = Debug;
		};
		DDF9D2501ACEC6DB00B7D7A2 /* Release */ = {
			isa = XCBuildConfiguration;
			buildSettings = {
				ALWAYS_SEARCH_USER_PATHS = NO;
				CLANG_CXX_LANGUAGE_STANDARD = "gnu++0x";
				CLANG_CXX_LIBRARY = "libc++";
				CLANG_ENABLE_MODULES = YES;
				CLANG_ENABLE_OBJC_ARC = YES;
				CLANG_WARN_BOOL_CONVERSION = YES;
				CLANG_WARN_CONSTANT_CONVERSION = YES;
				CLANG_WARN_DIRECT_OBJC_ISA_USAGE = YES_ERROR;
				CLANG_WARN_EMPTY_BODY = YES;
				CLANG_WARN_ENUM_CONVERSION = YES;
				CLANG_WARN_INT_CONVERSION = YES;
				CLANG_WARN_OBJC_ROOT_CLASS = YES_ERROR;
				CLANG_WARN_UNREACHABLE_CODE = YES;
				CLANG_WARN__DUPLICATE_METHOD_MATCH = YES;
				"CODE_SIGN_IDENTITY[sdk=iphoneos*]" = "iPhone Developer";
				COPY_PHASE_STRIP = NO;
				ENABLE_NS_ASSERTIONS = NO;
				ENABLE_STRICT_OBJC_MSGSEND = YES;
				GCC_C_LANGUAGE_STANDARD = gnu99;
				GCC_WARN_64_TO_32_BIT_CONVERSION = YES;
				GCC_WARN_ABOUT_RETURN_TYPE = YES_ERROR;
				GCC_WARN_UNDECLARED_SELECTOR = YES;
				GCC_WARN_UNINITIALIZED_AUTOS = YES_AGGRESSIVE;
				GCC_WARN_UNUSED_FUNCTION = YES;
				GCC_WARN_UNUSED_VARIABLE = YES;
				IPHONEOS_DEPLOYMENT_TARGET = 8.2;
				MTL_ENABLE_DEBUG_INFO = NO;
				SDKROOT = iphoneos;
				VALIDATE_PRODUCT = YES;
			};
			name = Release;
		};
		DDF9D2521ACEC6DB00B7D7A2 /* Debug */ = {
			isa = XCBuildConfiguration;
			buildSettings = {
				ASSETCATALOG_COMPILER_APPICON_NAME = AppIcon;
				INFOPLIST_FILE = GetLocation/Info.plist;
				LD_RUNPATH_SEARCH_PATHS = "$(inherited) @executable_path/Frameworks";
				PRODUCT_NAME = "$(TARGET_NAME)";
			};
			name = Debug;
		};
		DDF9D2531ACEC6DB00B7D7A2 /* Release */ = {
			isa = XCBuildConfiguration;
			buildSettings = {
				ASSETCATALOG_COMPILER_APPICON_NAME = AppIcon;
				INFOPLIST_FILE = GetLocation/Info.plist;
				LD_RUNPATH_SEARCH_PATHS = "$(inherited) @executable_path/Frameworks";
				PRODUCT_NAME = "$(TARGET_NAME)";
			};
			name = Release;
		};
		DDF9D2551ACEC6DB00B7D7A2 /* Debug */ = {
			isa = XCBuildConfiguration;
			buildSettings = {
				BUNDLE_LOADER = "$(TEST_HOST)";
				FRAMEWORK_SEARCH_PATHS = (
					"$(SDKROOT)/Developer/Library/Frameworks",
					"$(inherited)",
				);
				GCC_PREPROCESSOR_DEFINITIONS = (
					"DEBUG=1",
					"$(inherited)",
				);
				INFOPLIST_FILE = GetLocationTests/Info.plist;
				LD_RUNPATH_SEARCH_PATHS = "$(inherited) @executable_path/Frameworks @loader_path/Frameworks";
				PRODUCT_NAME = "$(TARGET_NAME)";
				TEST_HOST = "$(BUILT_PRODUCTS_DIR)/GetLocation.app/GetLocation";
			};
			name = Debug;
		};
		DDF9D2561ACEC6DB00B7D7A2 /* Release */ = {
			isa = XCBuildConfiguration;
			buildSettings = {
				BUNDLE_LOADER = "$(TEST_HOST)";
				FRAMEWORK_SEARCH_PATHS = (
					"$(SDKROOT)/Developer/Library/Frameworks",
					"$(inherited)",
				);
				INFOPLIST_FILE = GetLocationTests/Info.plist;
				LD_RUNPATH_SEARCH_PATHS = "$(inherited) @executable_path/Frameworks @loader_path/Frameworks";
				PRODUCT_NAME = "$(TARGET_NAME)";
				TEST_HOST = "$(BUILT_PRODUCTS_DIR)/GetLocation.app/GetLocation";
			};
			name = Release;
		};
/* End XCBuildConfiguration section */

/* Begin XCConfigurationList section */
		DDF9D22D1ACEC6DA00B7D7A2 /* Build configuration list for PBXProject "GetLocation" */ = {
			isa = XCConfigurationList;
			buildConfigurations = (
				DDF9D24F1ACEC6DB00B7D7A2 /* Debug */,
				DDF9D2501ACEC6DB00B7D7A2 /* Release */,
			);
			defaultConfigurationIsVisible = 0;
			defaultConfigurationName = Release;
		};
		DDF9D2511ACEC6DB00B7D7A2 /* Build configuration list for PBXNativeTarget "GetLocation" */ = {
			isa = XCConfigurationList;
			buildConfigurations = (
				DDF9D2521ACEC6DB00B7D7A2 /* Debug */,
				DDF9D2531ACEC6DB00B7D7A2 /* Release */,
			);
			defaultConfigurationIsVisible = 0;
		};
		DDF9D2541ACEC6DB00B7D7A2 /* Build configuration list for PBXNativeTarget "GetLocationTests" */ = {
			isa = XCConfigurationList;
			buildConfigurations = (
				DDF9D2551ACEC6DB00B7D7A2 /* Debug */,
				DDF9D2561ACEC6DB00B7D7A2 /* Release */,
			);
			defaultConfigurationIsVisible = 0;
		};
/* End XCConfigurationList section */
	};
	rootObject = DDF9D22A1ACEC6DA00B7D7A2 /* Project object */;
}
